{
  "version": 4,
  "terraform_version": "1.6.6",
  "serial": 36,
  "lineage": "eec8c69c-1493-56c1-d4ff-cebdd10e7429",
  "outputs": {},
  "resources": [
    {
      "mode": "managed",
      "type": "azurerm_app_service",
      "name": "app-service",
      "provider": "provider[\"registry.terraform.io/hashicorp/azurerm\"]",
      "instances": [
        {
          "schema_version": 0,
          "attributes": {
            "app_service_plan_id": "/subscriptions/89c5df2c-3350-4fa3-88e9-8c143677a6d6/resourceGroups/CloudQuickPoCs-RG001/providers/Microsoft.Web/serverfarms/CloudQuickPoCs-Linux-service-plan-001",
            "app_settings": {},
            "auth_settings": [
              {
                "active_directory": [],
                "additional_login_params": {},
                "allowed_external_redirect_urls": [],
                "default_provider": "",
                "enabled": false,
                "facebook": [],
                "google": [],
                "issuer": "",
                "microsoft": [],
                "runtime_version": "",
                "token_refresh_extension_hours": 0,
                "token_store_enabled": false,
                "twitter": [],
                "unauthenticated_client_action": ""
              }
            ],
            "backup": [],
            "client_affinity_enabled": false,
            "client_cert_enabled": false,
            "client_cert_mode": "Required",
            "connection_string": [],
            "custom_domain_verification_id": "8100E89254817A2D03877A28AAA3FAD12FBDE45F37288D8DBF6FCFDC2FD91841",
            "default_site_hostname": "randomflaskapp.azurewebsites.net",
            "enabled": true,
            "https_only": false,
            "id": "/subscriptions/89c5df2c-3350-4fa3-88e9-8c143677a6d6/resourceGroups/CloudQuickPoCs-RG001/providers/Microsoft.Web/sites/randomflaskapp",
            "identity": [],
            "key_vault_reference_identity_id": "SystemAssigned",
            "location": "westus",
            "logs": [
              {
                "application_logs": [
                  {
                    "azure_blob_storage": [],
                    "file_system_level": "Off"
                  }
                ],
                "detailed_error_messages_enabled": false,
                "failed_request_tracing_enabled": false,
                "http_logs": [
                  {
                    "azure_blob_storage": [],
                    "file_system": []
                  }
                ]
              }
            ],
            "name": "randomflaskapp",
            "outbound_ip_address_list": [
              "20.168.149.119",
              "20.168.148.56",
              "20.168.151.118",
              "20.253.147.19",
              "20.168.151.119",
              "20.168.151.160",
              "20.168.151.105",
              "20.168.151.148",
              "20.168.151.149",
              "20.168.151.156",
              "20.168.144.18",
              "20.168.151.158",
              "40.112.243.121"
            ],
            "outbound_ip_addresses": "20.168.149.119,20.168.148.56,20.168.151.118,20.253.147.19,20.168.151.119,20.168.151.160,20.168.151.105,20.168.151.148,20.168.151.149,20.168.151.156,20.168.144.18,20.168.151.158,40.112.243.121",
            "possible_outbound_ip_address_list": [
              "20.168.149.119",
              "20.168.148.56",
              "20.168.151.118",
              "20.253.147.19",
              "20.168.151.119",
              "20.168.151.160",
              "20.168.151.105",
              "20.168.151.148",
              "20.168.151.149",
              "20.168.151.156",
              "20.168.144.18",
              "20.168.151.158",
              "20.253.144.76",
              "20.168.144.21",
              "20.168.151.95",
              "20.168.151.104",
              "20.168.146.213",
              "20.168.151.106",
              "20.168.149.106",
              "20.168.149.118",
              "20.253.148.148",
              "20.253.149.41",
              "20.253.148.27",
              "20.253.148.85",
              "20.168.149.119",
              "20.168.148.56",
              "20.168.151.118",
              "20.253.147.19",
              "20.168.151.119",
              "20.168.151.160",
              "20.168.151.162",
              "20.168.151.197",
              "20.168.151.202",
              "20.253.149.60",
              "20.253.144.165",
              "20.253.150.40",
              "40.112.243.121"
            ],
            "possible_outbound_ip_addresses": "20.168.149.119,20.168.148.56,20.168.151.118,20.253.147.19,20.168.151.119,20.168.151.160,20.168.151.105,20.168.151.148,20.168.151.149,20.168.151.156,20.168.144.18,20.168.151.158,20.253.144.76,20.168.144.21,20.168.151.95,20.168.151.104,20.168.146.213,20.168.151.106,20.168.149.106,20.168.149.118,20.253.148.148,20.253.149.41,20.253.148.27,20.253.148.85,20.168.149.119,20.168.148.56,20.168.151.118,20.253.147.19,20.168.151.119,20.168.151.160,20.168.151.162,20.168.151.197,20.168.151.202,20.253.149.60,20.253.144.165,20.253.150.40,40.112.243.121",
            "resource_group_name": "CloudQuickPoCs-RG001",
            "site_config": [
              {
                "acr_use_managed_identity_credentials": false,
                "acr_user_managed_identity_client_id": "",
                "always_on": false,
                "app_command_line": "",
                "auto_swap_slot_name": "",
                "cors": [
                  {
                    "allowed_origins": [],
                    "support_credentials": false
                  }
                ],
                "default_documents": null,
                "dotnet_framework_version": "v4.0",
                "ftps_state": "FtpsOnly",
                "health_check_path": "",
                "http2_enabled": false,
                "ip_restriction": [],
                "java_container": "",
                "java_container_version": "",
                "java_version": "",
                "linux_fx_version": "PYTHON|3.8",
                "local_mysql_enabled": false,
                "managed_pipeline_mode": "Integrated",
                "min_tls_version": "1.2",
                "number_of_workers": 1,
                "php_version": "",
                "python_version": "",
                "remote_debugging_enabled": false,
                "remote_debugging_version": "VS2019",
                "scm_ip_restriction": [],
                "scm_type": "None",
                "scm_use_main_ip_restriction": false,
                "use_32_bit_worker_process": false,
                "vnet_route_all_enabled": false,
                "websockets_enabled": false,
                "windows_fx_version": ""
              }
            ],
            "site_credential": [
              {
                "password": "copywnHeg8jHrScvkrCmaYvqzuj5j0YgBw99Ywc7jv0rTaLfiQkabRY1ZlPc",
                "username": "$randomflaskapp"
              }
            ],
            "source_control": [
              {
                "branch": "main",
                "manual_integration": false,
                "repo_url": "",
                "rollback_enabled": false,
                "use_mercurial": false
              }
            ],
            "storage_account": [],
            "tags": null,
            "timeouts": null
          },
          "sensitive_attributes": [],
          "private": "eyJlMmJmYjczMC1lY2FhLTExZTYtOGY4OC0zNDM2M2JjN2M0YzAiOnsiY3JlYXRlIjoxODAwMDAwMDAwMDAwLCJkZWxldGUiOjE4MDAwMDAwMDAwMDAsInJlYWQiOjMwMDAwMDAwMDAwMCwidXBkYXRlIjoxODAwMDAwMDAwMDAwfX0=",
          "dependencies": [
            "azurerm_app_service_plan.service-plan",
            "azurerm_resource_group.appservice-rg"
          ]
        }
      ]
    },
    {
      "mode": "managed",
      "type": "azurerm_app_service_plan",
      "name": "service-plan",
      "provider": "provider[\"registry.terraform.io/hashicorp/azurerm\"]",
      "instances": [
        {
          "schema_version": 0,
          "attributes": {
            "app_service_environment_id": "",
            "id": "/subscriptions/89c5df2c-3350-4fa3-88e9-8c143677a6d6/resourceGroups/CloudQuickPoCs-RG001/providers/Microsoft.Web/serverfarms/CloudQuickPoCs-Linux-service-plan-001",
            "is_xenon": false,
            "kind": "linux",
            "location": "westus",
            "maximum_elastic_worker_count": 1,
            "maximum_number_of_workers": 10,
            "name": "CloudQuickPoCs-Linux-service-plan-001",
            "per_site_scaling": false,
            "reserved": true,
            "resource_group_name": "CloudQuickPoCs-RG001",
            "sku": [
              {
                "capacity": 1,
                "size": "S1",
                "tier": "Standard"
              }
            ],
            "tags": {},
            "timeouts": null,
            "zone_redundant": false
          },
          "sensitive_attributes": [],
          "private": "eyJlMmJmYjczMC1lY2FhLTExZTYtOGY4OC0zNDM2M2JjN2M0YzAiOnsiY3JlYXRlIjozNjAwMDAwMDAwMDAwLCJkZWxldGUiOjM2MDAwMDAwMDAwMDAsInJlYWQiOjMwMDAwMDAwMDAwMCwidXBkYXRlIjozNjAwMDAwMDAwMDAwfX0=",
          "dependencies": [
            "azurerm_resource_group.appservice-rg"
          ]
        }
      ]
    },
    {
      "mode": "managed",
      "type": "azurerm_resource_group",
      "name": "appservice-rg",
      "provider": "provider[\"registry.terraform.io/hashicorp/azurerm\"]",
      "instances": [
        {
          "schema_version": 0,
          "attributes": {
            "id": "/subscriptions/89c5df2c-3350-4fa3-88e9-8c143677a6d6/resourceGroups/CloudQuickPoCs-RG001",
            "location": "westus",
            "managed_by": "",
            "name": "CloudQuickPoCs-RG001",
            "tags": {},
            "timeouts": null
          },
          "sensitive_attributes": [],
          "private": "eyJlMmJmYjczMC1lY2FhLTExZTYtOGY4OC0zNDM2M2JjN2M0YzAiOnsiY3JlYXRlIjo1NDAwMDAwMDAwMDAwLCJkZWxldGUiOjU0MDAwMDAwMDAwMDAsInJlYWQiOjMwMDAwMDAwMDAwMCwidXBkYXRlIjo1NDAwMDAwMDAwMDAwfX0="
        }
      ]
    }
  ],
  "check_results": null
}
